// !$*UTF8*$!
{
	archiveVersion = 1;
	classes = {
	};
	objectVersion = 50;
	objects = {

/* Begin PBXBuildFile section */
		F056F19621CBD5C300B03DE2 /* AppDelegate.swift in Sources */ = {isa = PBXBuildFile; fileRef = F056F19521CBD5C300B03DE2 /* AppDelegate.swift */; };
		F056F19821CBD5C300B03DE2 /* TableViewController.swift in Sources */ = {isa = PBXBuildFile; fileRef = F056F19721CBD5C300B03DE2 /* TableViewController.swift */; };
		F056F19B21CBD5C300B03DE2 /* Main.storyboard in Resources */ = {isa = PBXBuildFile; fileRef = F056F19921CBD5C300B03DE2 /* Main.storyboard */; };
		F056F19D21CBD5C400B03DE2 /* Assets.xcassets in Resources */ = {isa = PBXBuildFile; fileRef = F056F19C21CBD5C400B03DE2 /* Assets.xcassets */; };
		F056F1A021CBD5C400B03DE2 /* LaunchScreen.storyboard in Resources */ = {isa = PBXBuildFile; fileRef = F056F19E21CBD5C400B03DE2 /* LaunchScreen.storyboard */; };
		F056F1B021CBDADD00B03DE2 /* ImageTableViewCell.swift in Sources */ = {isa = PBXBuildFile; fileRef = F056F1AF21CBDADD00B03DE2 /* ImageTableViewCell.swift */; };
/* End PBXBuildFile section */

/* Begin PBXFileReference section */
		F056F19221CBD5C300B03DE2 /* ImageSizing.app */ = {isa = PBXFileReference; explicitFileType = wrapper.application; includeInIndex = 0; path = ImageSizing.app; sourceTree = BUILT_PRODUCTS_DIR; };
		F056F19521CBD5C300B03DE2 /* AppDelegate.swift */ = {isa = PBXFileReference; lastKnownFileType = sourcecode.swift; path = AppDelegate.swift; sourceTree = "<group>"; };
		F056F19721CBD5C300B03DE2 /* TableViewController.swift */ = {isa = PBXFileReference; lastKnownFileType = sourcecode.swift; path = TableViewController.swift; sourceTree = "<group>"; };
		F056F19A21CBD5C300B03DE2 /* Base */ = {isa = PBXFileReference; lastKnownFileType = file.storyboard; name = Base; path = Base.lproj/Main.storyboard; sourceTree = "<group>"; };
		F056F19C21CBD5C400B03DE2 /* Assets.xcassets */ = {isa = PBXFileReference; lastKnownFileType = folder.assetcatalog; path = Assets.xcassets; sourceTree = "<group>"; };
		F056F19F21CBD5C400B03DE2 /* Base */ = {isa = PBXFileReference; lastKnownFileType = file.storyboard; name = Base; path = Base.lproj/LaunchScreen.storyboard; sourceTree = "<group>"; };
		F056F1A121CBD5C400B03DE2 /* Info.plist */ = {isa = PBXFileReference; lastKnownFileType = text.plist.xml; path = Info.plist; sourceTree = "<group>"; };
		F056F1AF21CBDADD00B03DE2 /* ImageTableViewCell.swift */ = {isa = PBXFileReference; lastKnownFileType = sourcecode.swift; path = ImageTableViewCell.swift; sourceTree = "<group>"; };
/* End PBXFileReference section */

/* Begin PBXFrameworksBuildPhase section */
		F056F18F21CBD5C300B03DE2 /* Frameworks */ = {
			isa = PBXFrameworksBuildPhase;
			buildActionMask = 2147483647;
			files = (
			);
			runOnlyForDeploymentPostprocessing = 0;
		};
/* End PBXFrameworksBuildPhase section */

/* Begin PBXGroup section */
		F056F18921CBD5C300B03DE2 = {
			isa = PBXGroup;
			children = (
				F056F19421CBD5C300B03DE2 /* ImageSizing */,
				F056F19321CBD5C300B03DE2 /* Products */,
			);
			sourceTree = "<group>";
		};
		F056F19321CBD5C300B03DE2 /* Products */ = {
			isa = PBXGroup;
			children = (
				F056F19221CBD5C300B03DE2 /* ImageSizing.app */,
			);
			name = Products;
			sourceTree = "<group>";
		};
		F056F19421CBD5C300B03DE2 /* ImageSizing */ = {
			isa = PBXGroup;
			children = (
				F056F19521CBD5C300B03DE2 /* AppDelegate.swift */,
				F056F19721CBD5C300B03DE2 /* TableViewController.swift */,
				F056F1AF21CBDADD00B03DE2 /* ImageTableViewCell.swift */,
				F056F19921CBD5C300B03DE2 /* Main.storyboard */,
				F056F19C21CBD5C400B03DE2 /* Assets.xcassets */,
				F056F19E21CBD5C400B03DE2 /* LaunchScreen.storyboard */,
				F056F1A121CBD5C400B03DE2 /* Info.plist */,
			);
			path = ImageSizing;
			sourceTree = "<group>";
		};
/* End PBXGroup section */

/* Begin PBXNativeTarget section */
		F056F19121CBD5C300B03DE2 /* ImageSizing */ = {
			isa = PBXNativeTarget;
			buildConfigurationList = F056F1A421CBD5C400B03DE2 /* Build configuration list for PBXNativeTarget "ImageSizing" */;
			buildPhases = (
				F056F18E21CBD5C300B03DE2 /* Sources */,
				F056F18F21CBD5C300B03DE2 /* Frameworks */,
				F056F19021CBD5C300B03DE2 /* Resources */,
			);
			buildRules = (
			);
			dependencies = (
			);
			name = ImageSizing;
			productName = ImageSizing;
			productReference = F056F19221CBD5C300B03DE2 /* ImageSizing.app */;
			productType = "com.apple.product-type.application";
		};
/* End PBXNativeTarget section */

/* Begin PBXProject section */
		F056F18A21CBD5C300B03DE2 /* Project object */ = {
			isa = PBXProject;
			attributes = {
				LastSwiftUpdateCheck = 1010;
				LastUpgradeCheck = 1010;
				ORGANIZATIONNAME = "Алексей Пархоменко";
				TargetAttributes = {
					F056F19121CBD5C300B03DE2 = {
						CreatedOnToolsVersion = 10.1;
					};
				};
			};
			buildConfigurationList = F056F18D21CBD5C300B03DE2 /* Build configuration list for PBXProject "ImageSizing" */;
			compatibilityVersion = "Xcode 9.3";
			developmentRegion = en;
			hasScannedForEncodings = 0;
			knownRegions = (
				en,
				Base,
			);
			mainGroup = F056F18921CBD5C300B03DE2;
			productRefGroup = F056F19321CBD5C300B03DE2 /* Products */;
			projectDirPath = "";
			projectRoot = "";
			targets = (
				F056F19121CBD5C300B03DE2 /* ImageSizing */,
			);
		};
/* End PBXProject section */

/* Begin PBXResourcesBuildPhase section */
		F056F19021CBD5C300B03DE2 /* Resources */ = {
			isa = PBXResourcesBuildPhase;
			buildActionMask = 2147483647;
			files = (
				F056F1A021CBD5C400B03DE2 /* LaunchScreen.storyboard in Resources */,
				F056F19D21CBD5C400B03DE2 /* Assets.xcassets in Resources */,
				F056F19B21CBD5C300B03DE2 /* Main.storyboard in Resources */,
			);
			runOnlyForDeploymentPostprocessing = 0;
		};
/* End PBXResourcesBuildPhase section */

/* Begin PBXSourcesBuildPhase section */
		F056F18E21CBD5C300B03DE2 /* Sources */ = {
			isa = PBXSourcesBuildPhase;
			buildActionMask = 2147483647;
			files = (
				F056F1B021CBDADD00B03DE2 /* ImageTableViewCell.swift in Sources */,
				F056F19821CBD5C300B03DE2 /* TableViewController.swift in Sources */,
				F056F19621CBD5C300B03DE2 /* AppDelegate.swift in Sources */,
			);
			runOnlyForDeploymentPostprocessing = 0;
		};
/* End PBXSourcesBuildPhase section */

/* Begin PBXVariantGroup section */
		F056F19921CBD5C300B03DE2 /* Main.storyboard */ = {
			isa = PBXVariantGroup;
			children = (
				F056F19A21CBD5C300B03DE2 /* Base */,
			);
			name = Main.storyboard;
			sourceTree = "<group>";
		};
		F056F19E21CBD5C400B03DE2 /* LaunchScreen.storyboard */ = {
			isa = PBXVariantGroup;
			children = (
				F056F19F21CBD5C400B03DE2 /* Base */,
			);
			name = LaunchScreen.storyboard;
			sourceTree = "<group>";
		};
/* End PBXVariantGroup section */

/* Begin XCBuildConfiguration section */
		F056F1A221CBD5C400B03DE2 /* Debug */ = {
			isa = XCBuildConfiguration;
			buildSettings = {
				ALWAYS_SEARCH_USER_PATHS = NO;
				CLANG_ANALYZER_NONNULL = YES;
				CLANG_ANALYZER_NUMBER_OBJECT_CONVERSION = YES_AGGRESSIVE;
				CLANG_CXX_LANGUAGE_STANDARD = "gnu++14";
				CLANG_CXX_LIBRARY = "libc++";
				CLANG_ENABLE_MODULES = YES;
				CLANG_ENABLE_OBJC_ARC = YES;
				CLANG_ENABLE_OBJC_WEAK = YES;
				CLANG_WARN_BLOCK_CAPTURE_AUTORELEASING = YES;
				CLANG_WARN_BOOL_CONVERSION = YES;
				CLANG_WARN_COMMA = YES;
				CLANG_WARN_CONSTANT_CONVERSION = YES;
				CLANG_WARN_DEPRECATED_OBJC_IMPLEMENTATIONS = YES;
				CLANG_WARN_DIRECT_OBJC_ISA_USAGE = YES_ERROR;
				CLANG_WARN_DOCUMENTATION_COMMENTS = YES;
				CLANG_WARN_EMPTY_BODY = YES;
				CLANG_WARN_ENUM_CONVERSION = YES;
				CLANG_WARN_INFINITE_RECURSION = YES;
				CLANG_WARN_INT_CONVERSION = YES;
				CLANG_WARN_NON_LITERAL_NULL_CONVERSION = YES;
				CLANG_WARN_OBJC_IMPLICIT_RETAIN_SELF = YES;
				CLANG_WARN_OBJC_LITERAL_CONVERSION = YES;
				CLANG_WARN_OBJC_ROOT_CLASS = YES_ERROR;
				CLANG_WARN_RANGE_LOOP_ANALYSIS = YES;
				CLANG_WARN_STRICT_PROTOTYPES = YES;
				CLANG_WARN_SUSPICIOUS_MOVE = YES;
				CLANG_WARN_UNGUARDED_AVAILABILITY = YES_AGGRESSIVE;
				CLANG_WARN_UNREACHABLE_CODE = YES;
				CLANG_WARN__DUPLICATE_METHOD_MATCH = YES;
				CODE_SIGN_IDENTITY = "iPhone Developer";
				COPY_PHASE_STRIP = NO;
				DEBUG_INFORMATION_FORMAT = dwarf;
				ENABLE_STRICT_OBJC_MSGSEND = YES;
				ENABLE_TESTABILITY = YES;
				GCC_C_LANGUAGE_STANDARD = gnu11;
				GCC_DYNAMIC_NO_PIC = NO;
				GCC_NO_COMMON_BLOCKS = YES;
				GCC_OPTIMIZATION_LEVEL = 0;
				GCC_PREPROCESSOR_DEFINITIONS = (
					"DEBUG=1",
					"$(inherited)",
				);
				GCC_WARN_64_TO_32_BIT_CONVERSION = YES;
				GCC_WARN_ABOUT_RETURN_TYPE = YES_ERROR;
				GCC_WARN_UNDECLARED_SELECTOR = YES;
				GCC_WARN_UNINITIALIZED_AUTOS = YES_AGGRESSIVE;
				GCC_WARN_UNUSED_FUNCTION = YES;
				GCC_WARN_UNUSED_VARIABLE = YES;
				IPHONEOS_DEPLOYMENT_TARGET = 12.1;
				MTL_ENABLE_DEBUG_INFO = INCLUDE_SOURCE;
				MTL_FAST_MATH = YES;
				ONLY_ACTIVE_ARCH = YES;
				SDKROOT = iphoneos;
				SWIFT_ACTIVE_COMPILATION_CONDITIONS = DEBUG;
				SWIFT_OPTIMIZATION_LEVEL = "-Onone";
			};
			name = Debug;
		};
		F056F1A321CBD5C400B03DE2 /* Release */ = {
			isa = XCBuildConfiguration;
			buildSettings = {
				ALWAYS_SEARCH_USER_PATHS = NO;
				CLANG_ANALYZER_NONNULL = YES;
				CLANG_ANALYZER_NUMBER_OBJECT_CONVERSION = YES_AGGRESSIVE;
				CLANG_CXX_LANGUAGE_STANDARD = "gnu++14";
				CLANG_CXX_LIBRARY = "libc++";
				CLANG_ENABLE_MODULES = YES;
				CLANG_ENABLE_OBJC_ARC = YES;
				CLANG_ENABLE_OBJC_WEAK = YES;
				CLANG_WARN_BLOCK_CAPTURE_AUTORELEASING = YES;
				CLANG_WARN_BOOL_CONVERSION = YES;
				CLANG_WARN_COMMA = YES;
				CLANG_WARN_CONSTANT_CONVERSION = YES;
				CLANG_WARN_DEPRECATED_OBJC_IMPLEMENTATIONS = YES;
				CLANG_WARN_DIRECT_OBJC_ISA_USAGE = YES_ERROR;
				CLANG_WARN_DOCUMENTATION_COMMENTS = YES;
				CLANG_WARN_EMPTY_BODY = YES;
				CLANG_WARN_ENUM_CONVERSION = YES;
				CLANG_WARN_INFINITE_RECURSION = YES;
				CLANG_WARN_INT_CONVERSION = YES;
				CLANG_WARN_NON_LITERAL_NULL_CONVERSION = YES;
				CLANG_WARN_OBJC_IMPLICIT_RETAIN_SELF = YES;
				CLANG_WARN_OBJC_LITERAL_CONVERSION = YES;
				CLANG_WARN_OBJC_ROOT_CLASS = YES_ERROR;
				CLANG_WARN_RANGE_LOOP_ANALYSIS = YES;
				CLANG_WARN_STRICT_PROTOTYPES = YES;
				CLANG_WARN_SUSPICIOUS_MOVE = YES;
				CLANG_WARN_UNGUARDED_AVAILABILITY = YES_AGGRESSIVE;
				CLANG_WARN_UNREACHABLE_CODE = YES;
				CLANG_WARN__DUPLICATE_METHOD_MATCH = YES;
				CODE_SIGN_IDENTITY = "iPhone Developer";
				COPY_PHASE_STRIP = NO;
				DEBUG_INFORMATION_FORMAT = "dwarf-with-dsym";
				ENABLE_NS_ASSERTIONS = NO;
				ENABLE_STRICT_OBJC_MSGSEND = YES;
				GCC_C_LANGUAGE_STANDARD = gnu11;
				GCC_NO_COMMON_BLOCKS = YES;
				GCC_WARN_64_TO_32_BIT_CONVERSION = YES;
				GCC_WARN_ABOUT_RETURN_TYPE = YES_ERROR;
				GCC_WARN_UNDECLARED_SELECTOR = YES;
				GCC_WARN_UNINITIALIZED_AUTOS = YES_AGGRESSIVE;
				GCC_WARN_UNUSED_FUNCTION = YES;
				GCC_WARN_UNUSED_VARIABLE = YES;
				IPHONEOS_DEPLOYMENT_TARGET = 12.1;
				MTL_ENABLE_DEBUG_INFO = NO;
				MTL_FAST_MATH = YES;
				SDKROOT = iphoneos;
				SWIFT_COMPILATION_MODE = wholemodule;
				SWIFT_OPTIMIZATION_LEVEL = "-O";
				VALIDATE_PRODUCT = YES;
			};
			name = Release;
		};
		F056F1A521CBD5C400B03DE2 /* Debug */ = {
			isa = XCBuildConfiguration;
			buildSettings = {
				ASSETCATALOG_COMPILER_APPICON_NAME = AppIcon;
				CODE_SIGN_STYLE = Automatic;
				INFOPLIST_FILE = ImageSizing/Info.plist;
				LD_RUNPATH_SEARCH_PATHS = (
					"$(inherited)",
					"@executable_path/Frameworks",
				);
				PRODUCT_BUNDLE_IDENTIFIER = com.alexeyParkhomenko.ImageSizing;
				PRODUCT_NAME = "$(TARGET_NAME)";
				SWIFT_VERSION = 4.2;
				TARGETED_DEVICE_FAMILY = "1,2";
			};
			name = Debug;
		};
		F056F1A621CBD5C400B03DE2 /* Release */ = {
			isa = XCBuildConfiguration;
			buildSettings = {
				ASSETCATALOG_COMPILER_APPICON_NAME = AppIcon;
				CODE_SIGN_STYLE = Automatic;
				INFOPLIST_FILE = ImageSizing/Info.plist;
				LD_RUNPATH_SEARCH_PATHS = (
					"$(inherited)",
					"@executable_path/Frameworks",
				);
				PRODUCT_BUNDLE_IDENTIFIER = com.alexeyParkhomenko.ImageSizing;
				PRODUCT_NAME = "$(TARGET_NAME)";
				SWIFT_VERSION = 4.2;
				TARGETED_DEVICE_FAMILY = "1,2";
			};
			name = Release;
		};
/* End XCBuildConfiguration section */

/* Begin XCConfigurationList section */
		F056F18D21CBD5C300B03DE2 /* Build configuration list for PBXProject "ImageSizing" */ = {
			isa = XCConfigurationList;
			buildConfigurations = (
				F056F1A221CBD5C400B03DE2 /* Debug */,
				F056F1A321CBD5C400B03DE2 /* Release */,
			);
			defaultConfigurationIsVisible = 0;
			defaultConfigurationName = Release;
		};
		F056F1A421CBD5C400B03DE2 /* Build configuration list for PBXNativeTarget "ImageSizing" */ = {
			isa = XCConfigurationList;
			buildConfigurations = (
				F056F1A521CBD5C400B03DE2 /* Debug */,
				F056F1A621CBD5C400B03DE2 /* Release */,
			);
			defaultConfigurationIsVisible = 0;
			defaultConfigurationName = Release;
		};
/* End XCConfigurationList section */
	};
	rootObject = F056F18A21CBD5C300B03DE2 /* Project object */;
}
